
Microsoft Visual Studio Solution File, Format Version 12.00
# Visual Studio 2013
VisualStudioVersion = 12.0.31101.0
MinimumVisualStudioVersion = 10.0.40219.1
Project("{FAE04EC0-301F-11D3-BF4B-00C04F79EFBC}") = "01. Point3D", "01. Point3D\01. Point3D.csproj", "{4A0336AF-4459-4BF7-9D2C-292D757EB33B}"
EndProject
Project("{FAE04EC0-301F-11D3-BF4B-00C04F79EFBC}") = "02. DistanceCalculator", "02. DistanceCalculator\02. DistanceCalculator.csproj", "{1F22809A-7537-485E-A5FD-141446218CED}"
EndProject
Project("{FAE04EC0-301F-11D3-BF4B-00C04F79EFBC}") = "03. Paths", "03. Paths\03. Paths.csproj", "{2255655F-FC21-4545-B240-701C66EA1055}"
EndProject
Project("{FAE04EC0-301F-11D3-BF4B-00C04F79EFBC}") = "Geometry", "Geometry\Geometry.csproj", "{C60F22DC-F45F-48B8-89F9-F3BA873B21E7}"
EndProject
Project("{FAE04EC0-301F-11D3-BF4B-00C04F79EFBC}") = "05. HTML-Dispatcher", "05. HTML-Dispatcher\05. HTML-Dispatcher.csproj", "{9AFBC7EE-CB25-4D8E-986C-A2624864EBCF}"
EndProject
Project("{FAE04EC0-301F-11D3-BF4B-00C04F79EFBC}") = "06. Bit-Array", "06. Bit-Array\06. Bit-Array.csproj", "{AD98598D-6BA9-47C3-847C-EBC46724C633}"
EndProject
Global
	GlobalSection(SolutionConfigurationPlatforms) = preSolution
		Debug|Any CPU = Debug|Any CPU
		Release|Any CPU = Release|Any CPU
	EndGlobalSection
	GlobalSection(ProjectConfigurationPlatforms) = postSolution
		{4A0336AF-4459-4BF7-9D2C-292D757EB33B}.Debug|Any CPU.ActiveCfg = Debug|Any CPU
		{4A0336AF-4459-4BF7-9D2C-292D757EB33B}.Debug|Any CPU.Build.0 = Debug|Any CPU
		{4A0336AF-4459-4BF7-9D2C-292D757EB33B}.Release|Any CPU.ActiveCfg = Release|Any CPU
		{4A0336AF-4459-4BF7-9D2C-292D757EB33B}.Release|Any CPU.Build.0 = Release|Any CPU
		{1F22809A-7537-485E-A5FD-141446218CED}.Debug|Any CPU.ActiveCfg = Debug|Any CPU
		{1F22809A-7537-485E-A5FD-141446218CED}.Debug|Any CPU.Build.0 = Debug|Any CPU
		{1F22809A-7537-485E-A5FD-141446218CED}.Release|Any CPU.ActiveCfg = Release|Any CPU
		{1F22809A-7537-485E-A5FD-141446218CED}.Release|Any CPU.Build.0 = Release|Any CPU
		{2255655F-FC21-4545-B240-701C66EA1055}.Debug|Any CPU.ActiveCfg = Debug|Any CPU
		{2255655F-FC21-4545-B240-701C66EA1055}.Debug|Any CPU.Build.0 = Debug|Any CPU
		{2255655F-FC21-4545-B240-701C66EA1055}.Release|Any CPU.ActiveCfg = Release|Any CPU
		{2255655F-FC21-4545-B240-701C66EA1055}.Release|Any CPU.Build.0 = Release|Any CPU
		{C60F22DC-F45F-48B8-89F9-F3BA873B21E7}.Debug|Any CPU.ActiveCfg = Debug|Any CPU
		{C60F22DC-F45F-48B8-89F9-F3BA873B21E7}.Debug|Any CPU.Build.0 = Debug|Any CPU
		{C60F22DC-F45F-48B8-89F9-F3BA873B21E7}.Release|Any CPU.ActiveCfg = Release|Any CPU
		{C60F22DC-F45F-48B8-89F9-F3BA873B21E7}.Release|Any CPU.Build.0 = Release|Any CPU
		{9AFBC7EE-CB25-4D8E-986C-A2624864EBCF}.Debug|Any CPU.ActiveCfg = Debug|Any CPU
		{9AFBC7EE-CB25-4D8E-986C-A2624864EBCF}.Debug|Any CPU.Build.0 = Debug|Any CPU
		{9AFBC7EE-CB25-4D8E-986C-A2624864EBCF}.Release|Any CPU.ActiveCfg = Release|Any CPU
		{9AFBC7EE-CB25-4D8E-986C-A2624864EBCF}.Release|Any CPU.Build.0 = Release|Any CPU
		{AD98598D-6BA9-47C3-847C-EBC46724C633}.Debug|Any CPU.ActiveCfg = Debug|Any CPU
		{AD98598D-6BA9-47C3-847C-EBC46724C633}.Debug|Any CPU.Build.0 = Debug|Any CPU
		{AD98598D-6BA9-47C3-847C-EBC46724C633}.Release|Any CPU.ActiveCfg = Release|Any CPU
		{AD98598D-6BA9-47C3-847C-EBC46724C633}.Release|Any CPU.Build.0 = Release|Any CPU
	EndGlobalSection
	GlobalSection(SolutionProperties) = preSolution
		HideSolutionNode = FALSE
	EndGlobalSection
EndGlobal
