
Microsoft Visual Studio Solution File, Format Version 12.00
# Visual Studio 2013
VisualStudioVersion = 12.0.31101.0
MinimumVisualStudioVersion = 10.0.40219.1
Project("{FAE04EC0-301F-11D3-BF4B-00C04F79EFBC}") = "01. Persons", "01. Persons\01. Persons.csproj", "{B7D0E370-C157-484C-B8CE-38D27C0B81DA}"
EndProject
Project("{FAE04EC0-301F-11D3-BF4B-00C04F79EFBC}") = "ClassPersonTests", "ClassPersonTests\ClassPersonTests.csproj", "{701253E7-3726-4595-86B7-58071793DA7F}"
EndProject
Project("{FAE04EC0-301F-11D3-BF4B-00C04F79EFBC}") = "02. LaptopShop", "02. LaptopShop\02. LaptopShop.csproj", "{1F6C1B30-C2EE-4117-B420-6BC6CD1D1966}"
EndProject
Project("{FAE04EC0-301F-11D3-BF4B-00C04F79EFBC}") = "ClassLaptopTests", "ClassLaptopTests\ClassLaptopTests.csproj", "{AF82E409-57ED-4207-B52F-573D8C055409}"
EndProject
Project("{FAE04EC0-301F-11D3-BF4B-00C04F79EFBC}") = "03. PC-Catalog", "03. PC-Catalog\03. PC-Catalog.csproj", "{B154DA32-5F42-453E-AC7B-8532BA8778B4}"
EndProject
Project("{FAE04EC0-301F-11D3-BF4B-00C04F79EFBC}") = "ClassComponentTests", "ClassComponentTests\ClassComponentTests.csproj", "{1355173F-39B6-4D04-A7F1-B3F903B6A7B8}"
EndProject
Project("{FAE04EC0-301F-11D3-BF4B-00C04F79EFBC}") = "ClassComputerTests", "ClassComputerTests\ClassComputerTests.csproj", "{245C26F8-81AD-47DB-B5E6-8D4BEF9B47F5}"
EndProject
Project("{FAE04EC0-301F-11D3-BF4B-00C04F79EFBC}") = "04. SULS", "04. SULS\04. SULS.csproj", "{3C5537A8-879C-4E4D-A2F2-C753539EB884}"
EndProject
Global
	GlobalSection(SolutionConfigurationPlatforms) = preSolution
		Debug|Any CPU = Debug|Any CPU
		Release|Any CPU = Release|Any CPU
	EndGlobalSection
	GlobalSection(ProjectConfigurationPlatforms) = postSolution
		{B7D0E370-C157-484C-B8CE-38D27C0B81DA}.Debug|Any CPU.ActiveCfg = Debug|Any CPU
		{B7D0E370-C157-484C-B8CE-38D27C0B81DA}.Debug|Any CPU.Build.0 = Debug|Any CPU
		{B7D0E370-C157-484C-B8CE-38D27C0B81DA}.Release|Any CPU.ActiveCfg = Release|Any CPU
		{B7D0E370-C157-484C-B8CE-38D27C0B81DA}.Release|Any CPU.Build.0 = Release|Any CPU
		{701253E7-3726-4595-86B7-58071793DA7F}.Debug|Any CPU.ActiveCfg = Debug|Any CPU
		{701253E7-3726-4595-86B7-58071793DA7F}.Debug|Any CPU.Build.0 = Debug|Any CPU
		{701253E7-3726-4595-86B7-58071793DA7F}.Release|Any CPU.ActiveCfg = Release|Any CPU
		{701253E7-3726-4595-86B7-58071793DA7F}.Release|Any CPU.Build.0 = Release|Any CPU
		{1F6C1B30-C2EE-4117-B420-6BC6CD1D1966}.Debug|Any CPU.ActiveCfg = Debug|Any CPU
		{1F6C1B30-C2EE-4117-B420-6BC6CD1D1966}.Debug|Any CPU.Build.0 = Debug|Any CPU
		{1F6C1B30-C2EE-4117-B420-6BC6CD1D1966}.Release|Any CPU.ActiveCfg = Release|Any CPU
		{1F6C1B30-C2EE-4117-B420-6BC6CD1D1966}.Release|Any CPU.Build.0 = Release|Any CPU
		{AF82E409-57ED-4207-B52F-573D8C055409}.Debug|Any CPU.ActiveCfg = Debug|Any CPU
		{AF82E409-57ED-4207-B52F-573D8C055409}.Debug|Any CPU.Build.0 = Debug|Any CPU
		{AF82E409-57ED-4207-B52F-573D8C055409}.Release|Any CPU.ActiveCfg = Release|Any CPU
		{AF82E409-57ED-4207-B52F-573D8C055409}.Release|Any CPU.Build.0 = Release|Any CPU
		{B154DA32-5F42-453E-AC7B-8532BA8778B4}.Debug|Any CPU.ActiveCfg = Debug|Any CPU
		{B154DA32-5F42-453E-AC7B-8532BA8778B4}.Debug|Any CPU.Build.0 = Debug|Any CPU
		{B154DA32-5F42-453E-AC7B-8532BA8778B4}.Release|Any CPU.ActiveCfg = Release|Any CPU
		{B154DA32-5F42-453E-AC7B-8532BA8778B4}.Release|Any CPU.Build.0 = Release|Any CPU
		{1355173F-39B6-4D04-A7F1-B3F903B6A7B8}.Debug|Any CPU.ActiveCfg = Debug|Any CPU
		{1355173F-39B6-4D04-A7F1-B3F903B6A7B8}.Debug|Any CPU.Build.0 = Debug|Any CPU
		{1355173F-39B6-4D04-A7F1-B3F903B6A7B8}.Release|Any CPU.ActiveCfg = Release|Any CPU
		{1355173F-39B6-4D04-A7F1-B3F903B6A7B8}.Release|Any CPU.Build.0 = Release|Any CPU
		{245C26F8-81AD-47DB-B5E6-8D4BEF9B47F5}.Debug|Any CPU.ActiveCfg = Debug|Any CPU
		{245C26F8-81AD-47DB-B5E6-8D4BEF9B47F5}.Debug|Any CPU.Build.0 = Debug|Any CPU
		{245C26F8-81AD-47DB-B5E6-8D4BEF9B47F5}.Release|Any CPU.ActiveCfg = Release|Any CPU
		{245C26F8-81AD-47DB-B5E6-8D4BEF9B47F5}.Release|Any CPU.Build.0 = Release|Any CPU
		{3C5537A8-879C-4E4D-A2F2-C753539EB884}.Debug|Any CPU.ActiveCfg = Debug|Any CPU
		{3C5537A8-879C-4E4D-A2F2-C753539EB884}.Debug|Any CPU.Build.0 = Debug|Any CPU
		{3C5537A8-879C-4E4D-A2F2-C753539EB884}.Release|Any CPU.ActiveCfg = Release|Any CPU
		{3C5537A8-879C-4E4D-A2F2-C753539EB884}.Release|Any CPU.Build.0 = Release|Any CPU
	EndGlobalSection
	GlobalSection(SolutionProperties) = preSolution
		HideSolutionNode = FALSE
	EndGlobalSection
EndGlobal
