
Microsoft Visual Studio Solution File, Format Version 12.00
# Visual Studio 2013
VisualStudioVersion = 12.0.31101.0
MinimumVisualStudioVersion = 10.0.40219.1
Project("{FAE04EC0-301F-11D3-BF4B-00C04F79EFBC}") = "01. Custom-LINQ-Extension-Methods", "01. Custom-LINQ-Extension-Methods\01. Custom-LINQ-Extension-Methods.csproj", "{8D347E1C-17CC-4BCD-AAD5-B040A788F4F9}"
EndProject
Project("{FAE04EC0-301F-11D3-BF4B-00C04F79EFBC}") = "02. Interest-Calculator", "02. Interest-Calculator\02. Interest-Calculator.csproj", "{2C5CA7C7-D271-4BE3-AE50-E5A0CDA5082E}"
EndProject
Project("{FAE04EC0-301F-11D3-BF4B-00C04F79EFBC}") = "03. Asynchronous-Timer", "03. Asynchronous-Timer\03. Asynchronous-Timer.csproj", "{36B17291-2B7F-4B1E-9ABE-5A399819E937}"
EndProject
Project("{FAE04EC0-301F-11D3-BF4B-00C04F79EFBC}") = "ClassInterestCalculatorTests", "ClassInterestCalculatorTests\ClassInterestCalculatorTests.csproj", "{42F56CF7-BF9F-4F39-ADC4-D6286C48D5AF}"
EndProject
Project("{FAE04EC0-301F-11D3-BF4B-00C04F79EFBC}") = "04. Student", "04. Student\04. Student.csproj", "{AA8E2495-D9AC-4446-8714-F210DDC1D32F}"
EndProject
Project("{FAE04EC0-301F-11D3-BF4B-00C04F79EFBC}") = "ClassStudentTests", "ClassStudentTests\ClassStudentTests.csproj", "{E4223649-2540-4CE0-AE16-DD76418C5CB2}"
EndProject
Global
	GlobalSection(SolutionConfigurationPlatforms) = preSolution
		Debug|Any CPU = Debug|Any CPU
		Release|Any CPU = Release|Any CPU
	EndGlobalSection
	GlobalSection(ProjectConfigurationPlatforms) = postSolution
		{8D347E1C-17CC-4BCD-AAD5-B040A788F4F9}.Debug|Any CPU.ActiveCfg = Debug|Any CPU
		{8D347E1C-17CC-4BCD-AAD5-B040A788F4F9}.Debug|Any CPU.Build.0 = Debug|Any CPU
		{8D347E1C-17CC-4BCD-AAD5-B040A788F4F9}.Release|Any CPU.ActiveCfg = Release|Any CPU
		{8D347E1C-17CC-4BCD-AAD5-B040A788F4F9}.Release|Any CPU.Build.0 = Release|Any CPU
		{2C5CA7C7-D271-4BE3-AE50-E5A0CDA5082E}.Debug|Any CPU.ActiveCfg = Debug|Any CPU
		{2C5CA7C7-D271-4BE3-AE50-E5A0CDA5082E}.Debug|Any CPU.Build.0 = Debug|Any CPU
		{2C5CA7C7-D271-4BE3-AE50-E5A0CDA5082E}.Release|Any CPU.ActiveCfg = Release|Any CPU
		{2C5CA7C7-D271-4BE3-AE50-E5A0CDA5082E}.Release|Any CPU.Build.0 = Release|Any CPU
		{36B17291-2B7F-4B1E-9ABE-5A399819E937}.Debug|Any CPU.ActiveCfg = Debug|Any CPU
		{36B17291-2B7F-4B1E-9ABE-5A399819E937}.Debug|Any CPU.Build.0 = Debug|Any CPU
		{36B17291-2B7F-4B1E-9ABE-5A399819E937}.Release|Any CPU.ActiveCfg = Release|Any CPU
		{36B17291-2B7F-4B1E-9ABE-5A399819E937}.Release|Any CPU.Build.0 = Release|Any CPU
		{42F56CF7-BF9F-4F39-ADC4-D6286C48D5AF}.Debug|Any CPU.ActiveCfg = Debug|Any CPU
		{42F56CF7-BF9F-4F39-ADC4-D6286C48D5AF}.Debug|Any CPU.Build.0 = Debug|Any CPU
		{42F56CF7-BF9F-4F39-ADC4-D6286C48D5AF}.Release|Any CPU.ActiveCfg = Release|Any CPU
		{42F56CF7-BF9F-4F39-ADC4-D6286C48D5AF}.Release|Any CPU.Build.0 = Release|Any CPU
		{AA8E2495-D9AC-4446-8714-F210DDC1D32F}.Debug|Any CPU.ActiveCfg = Debug|Any CPU
		{AA8E2495-D9AC-4446-8714-F210DDC1D32F}.Debug|Any CPU.Build.0 = Debug|Any CPU
		{AA8E2495-D9AC-4446-8714-F210DDC1D32F}.Release|Any CPU.ActiveCfg = Release|Any CPU
		{AA8E2495-D9AC-4446-8714-F210DDC1D32F}.Release|Any CPU.Build.0 = Release|Any CPU
		{E4223649-2540-4CE0-AE16-DD76418C5CB2}.Debug|Any CPU.ActiveCfg = Debug|Any CPU
		{E4223649-2540-4CE0-AE16-DD76418C5CB2}.Debug|Any CPU.Build.0 = Debug|Any CPU
		{E4223649-2540-4CE0-AE16-DD76418C5CB2}.Release|Any CPU.ActiveCfg = Release|Any CPU
		{E4223649-2540-4CE0-AE16-DD76418C5CB2}.Release|Any CPU.Build.0 = Release|Any CPU
	EndGlobalSection
	GlobalSection(SolutionProperties) = preSolution
		HideSolutionNode = FALSE
	EndGlobalSection
EndGlobal
