
Microsoft Visual Studio Solution File, Format Version 12.00
# Visual Studio 2013
VisualStudioVersion = 12.0.31101.0
MinimumVisualStudioVersion = 10.0.40219.1
Project("{FAE04EC0-301F-11D3-BF4B-00C04F79EFBC}") = "01. StringExtensions", "StringExtensions\01. StringExtensions.csproj", "{F5CD664B-D6BE-41A4-9AEC-B7B49A5E15C0}"
EndProject
Global
	GlobalSection(SolutionConfigurationPlatforms) = preSolution
		Debug|Any CPU = Debug|Any CPU
		Release|Any CPU = Release|Any CPU
	EndGlobalSection
	GlobalSection(ProjectConfigurationPlatforms) = postSolution
		{F5CD664B-D6BE-41A4-9AEC-B7B49A5E15C0}.Debug|Any CPU.ActiveCfg = Debug|Any CPU
		{F5CD664B-D6BE-41A4-9AEC-B7B49A5E15C0}.Debug|Any CPU.Build.0 = Debug|Any CPU
		{F5CD664B-D6BE-41A4-9AEC-B7B49A5E15C0}.Release|Any CPU.ActiveCfg = Release|Any CPU
		{F5CD664B-D6BE-41A4-9AEC-B7B49A5E15C0}.Release|Any CPU.Build.0 = Release|Any CPU
	EndGlobalSection
	GlobalSection(SolutionProperties) = preSolution
		HideSolutionNode = FALSE
	EndGlobalSection
EndGlobal
