
Microsoft Visual Studio Solution File, Format Version 12.00
# Visual Studio 2013
VisualStudioVersion = 12.0.31101.0
MinimumVisualStudioVersion = 10.0.40219.1
Project("{FAE04EC0-301F-11D3-BF4B-00C04F79EFBC}") = "01. Prime-Factorization", "01. Prime-Factorization\01. Prime-Factorization.csproj", "{25A1F70B-FAD4-4976-9ED5-9D32A291FB5C}"
EndProject
Project("{FAE04EC0-301F-11D3-BF4B-00C04F79EFBC}") = "02. The-Sieve-Of-Eratosthenes", "02. The-Sieve-Of-Eratosthenes\02. The-Sieve-Of-Eratosthenes.csproj", "{E7C80E50-7B77-4AA0-9CD2-9B63B6F86AFE}"
EndProject
Project("{FAE04EC0-301F-11D3-BF4B-00C04F79EFBC}") = "03. Insertion-Sort", "03. Insertion-Sort\03. Insertion-Sort.csproj", "{6B355A14-BCCA-4B36-A717-60A6A1E2A9F9}"
EndProject
Project("{FAE04EC0-301F-11D3-BF4B-00C04F79EFBC}") = "04. Binary-Search", "04. Binary-Search\04. Binary-Search.csproj", "{74D156D8-D381-49FE-A881-8310D00279F3}"
EndProject
Global
	GlobalSection(SolutionConfigurationPlatforms) = preSolution
		Debug|Any CPU = Debug|Any CPU
		Release|Any CPU = Release|Any CPU
	EndGlobalSection
	GlobalSection(ProjectConfigurationPlatforms) = postSolution
		{25A1F70B-FAD4-4976-9ED5-9D32A291FB5C}.Debug|Any CPU.ActiveCfg = Debug|Any CPU
		{25A1F70B-FAD4-4976-9ED5-9D32A291FB5C}.Debug|Any CPU.Build.0 = Debug|Any CPU
		{25A1F70B-FAD4-4976-9ED5-9D32A291FB5C}.Release|Any CPU.ActiveCfg = Release|Any CPU
		{25A1F70B-FAD4-4976-9ED5-9D32A291FB5C}.Release|Any CPU.Build.0 = Release|Any CPU
		{E7C80E50-7B77-4AA0-9CD2-9B63B6F86AFE}.Debug|Any CPU.ActiveCfg = Debug|Any CPU
		{E7C80E50-7B77-4AA0-9CD2-9B63B6F86AFE}.Debug|Any CPU.Build.0 = Debug|Any CPU
		{E7C80E50-7B77-4AA0-9CD2-9B63B6F86AFE}.Release|Any CPU.ActiveCfg = Release|Any CPU
		{E7C80E50-7B77-4AA0-9CD2-9B63B6F86AFE}.Release|Any CPU.Build.0 = Release|Any CPU
		{6B355A14-BCCA-4B36-A717-60A6A1E2A9F9}.Debug|Any CPU.ActiveCfg = Debug|Any CPU
		{6B355A14-BCCA-4B36-A717-60A6A1E2A9F9}.Debug|Any CPU.Build.0 = Debug|Any CPU
		{6B355A14-BCCA-4B36-A717-60A6A1E2A9F9}.Release|Any CPU.ActiveCfg = Release|Any CPU
		{6B355A14-BCCA-4B36-A717-60A6A1E2A9F9}.Release|Any CPU.Build.0 = Release|Any CPU
		{74D156D8-D381-49FE-A881-8310D00279F3}.Debug|Any CPU.ActiveCfg = Debug|Any CPU
		{74D156D8-D381-49FE-A881-8310D00279F3}.Debug|Any CPU.Build.0 = Debug|Any CPU
		{74D156D8-D381-49FE-A881-8310D00279F3}.Release|Any CPU.ActiveCfg = Release|Any CPU
		{74D156D8-D381-49FE-A881-8310D00279F3}.Release|Any CPU.Build.0 = Release|Any CPU
	EndGlobalSection
	GlobalSection(SolutionProperties) = preSolution
		HideSolutionNode = FALSE
	EndGlobalSection
EndGlobal
